
Microsoft Visual Studio Solution File, Format Version 12.00
# Visual Studio Version 16
VisualStudioVersion = 16.0.31605.320
MinimumVisualStudioVersion = 10.0.40219.1
Project("{F2A71F9B-5D33-465A-A702-920D77279786}") = "HadamardProductSIMD", "HadamardProductSIMD.fsproj", "{F094BD9F-9AFB-468C-A2A0-38C7E31B0255}"
EndProject
Global
	GlobalSection(SolutionConfigurationPlatforms) = preSolution
		Debug|Any CPU = Debug|Any CPU
		Release|Any CPU = Release|Any CPU
	EndGlobalSection
	GlobalSection(ProjectConfigurationPlatforms) = postSolution
		{F094BD9F-9AFB-468C-A2A0-38C7E31B0255}.Debug|Any CPU.ActiveCfg = Debug|Any CPU
		{F094BD9F-9AFB-468C-A2A0-38C7E31B0255}.Debug|Any CPU.Build.0 = Debug|Any CPU
		{F094BD9F-9AFB-468C-A2A0-38C7E31B0255}.Release|Any CPU.ActiveCfg = Release|Any CPU
		{F094BD9F-9AFB-468C-A2A0-38C7E31B0255}.Release|Any CPU.Build.0 = Release|Any CPU
	EndGlobalSection
	GlobalSection(SolutionProperties) = preSolution
		HideSolutionNode = FALSE
	EndGlobalSection
	GlobalSection(ExtensibilityGlobals) = postSolution
		SolutionGuid = {197C54C9-734E-4E9F-8F8A-076E6FCF4ACB}
	EndGlobalSection
EndGlobal
